
Microsoft Visual Studio Solution File, Format Version 12.00
# Visual Studio Version 16
VisualStudioVersion = 16.0.31313.79
MinimumVisualStudioVersion = 10.0.40219.1
Project("{FAE04EC0-301F-11D3-BF4B-00C04F79EFBC}") = "StringBuilder", "StringBuilder\StringBuilder.csproj", "{D81537E5-5A72-455C-9A8C-AF1A0CD66DAB}"
EndProject
Global
	GlobalSection(SolutionConfigurationPlatforms) = preSolution
		Debug|Any CPU = Debug|Any CPU
		Release|Any CPU = Release|Any CPU
	EndGlobalSection
	GlobalSection(ProjectConfigurationPlatforms) = postSolution
		{D81537E5-5A72-455C-9A8C-AF1A0CD66DAB}.Debug|Any CPU.ActiveCfg = Debug|Any CPU
		{D81537E5-5A72-455C-9A8C-AF1A0CD66DAB}.Debug|Any CPU.Build.0 = Debug|Any CPU
		{D81537E5-5A72-455C-9A8C-AF1A0CD66DAB}.Release|Any CPU.ActiveCfg = Release|Any CPU
		{D81537E5-5A72-455C-9A8C-AF1A0CD66DAB}.Release|Any CPU.Build.0 = Release|Any CPU
	EndGlobalSection
	GlobalSection(SolutionProperties) = preSolution
		HideSolutionNode = FALSE
	EndGlobalSection
	GlobalSection(ExtensibilityGlobals) = postSolution
		SolutionGuid = {C5FC724D-85EA-4A82-AC9C-BD1B6BAF7E3B}
	EndGlobalSection
EndGlobal
