
Microsoft Visual Studio Solution File, Format Version 12.00
# Visual Studio Version 16
VisualStudioVersion = 16.0.31313.79
MinimumVisualStudioVersion = 10.0.40219.1
Project("{FAE04EC0-301F-11D3-BF4B-00C04F79EFBC}") = "InternetRegister", "InternetRegister.csproj", "{935FB409-FAD1-4208-8358-8E511A4D3505}"
EndProject
Global
	GlobalSection(SolutionConfigurationPlatforms) = preSolution
		Debug|Any CPU = Debug|Any CPU
		Release|Any CPU = Release|Any CPU
	EndGlobalSection
	GlobalSection(ProjectConfigurationPlatforms) = postSolution
		{935FB409-FAD1-4208-8358-8E511A4D3505}.Debug|Any CPU.ActiveCfg = Debug|Any CPU
		{935FB409-FAD1-4208-8358-8E511A4D3505}.Debug|Any CPU.Build.0 = Debug|Any CPU
		{935FB409-FAD1-4208-8358-8E511A4D3505}.Release|Any CPU.ActiveCfg = Release|Any CPU
		{935FB409-FAD1-4208-8358-8E511A4D3505}.Release|Any CPU.Build.0 = Release|Any CPU
	EndGlobalSection
	GlobalSection(SolutionProperties) = preSolution
		HideSolutionNode = FALSE
	EndGlobalSection
	GlobalSection(ExtensibilityGlobals) = postSolution
		SolutionGuid = {3FCDB471-F0B4-4B55-ADDA-B22E1AA57930}
	EndGlobalSection
EndGlobal
