
Microsoft Visual Studio Solution File, Format Version 12.00
# Visual Studio Version 16
VisualStudioVersion = 16.0.31313.79
MinimumVisualStudioVersion = 10.0.40219.1
Project("{FAE04EC0-301F-11D3-BF4B-00C04F79EFBC}") = "ParamsChanger", "ParamsChanger.csproj", "{C5272361-D60E-4B5D-B890-D00C4501A79C}"
EndProject
Global
	GlobalSection(SolutionConfigurationPlatforms) = preSolution
		Debug|Any CPU = Debug|Any CPU
		Release|Any CPU = Release|Any CPU
	EndGlobalSection
	GlobalSection(ProjectConfigurationPlatforms) = postSolution
		{C5272361-D60E-4B5D-B890-D00C4501A79C}.Debug|Any CPU.ActiveCfg = Debug|Any CPU
		{C5272361-D60E-4B5D-B890-D00C4501A79C}.Debug|Any CPU.Build.0 = Debug|Any CPU
		{C5272361-D60E-4B5D-B890-D00C4501A79C}.Release|Any CPU.ActiveCfg = Release|Any CPU
		{C5272361-D60E-4B5D-B890-D00C4501A79C}.Release|Any CPU.Build.0 = Release|Any CPU
	EndGlobalSection
	GlobalSection(SolutionProperties) = preSolution
		HideSolutionNode = FALSE
	EndGlobalSection
	GlobalSection(ExtensibilityGlobals) = postSolution
		SolutionGuid = {7A50B848-A048-492A-A55E-28849E68CCF6}
	EndGlobalSection
EndGlobal
